
Microsoft Visual Studio Solution File, Format Version 12.00
# Visual Studio Version 17
VisualStudioVersion = 17.4.33122.133
MinimumVisualStudioVersion = 10.0.40219.1
Project("{9A19103F-16F7-4668-BE54-9A1E7A4F7556}") = "Komisija", "Komisija\Komisija.csproj", "{25DAF30B-974D-470B-8403-E39DEC3C751A}"
EndProject
Global
	GlobalSection(SolutionConfigurationPlatforms) = preSolution
		Debug|Any CPU = Debug|Any CPU
		Release|Any CPU = Release|Any CPU
	EndGlobalSection
	GlobalSection(ProjectConfigurationPlatforms) = postSolution
		{25DAF30B-974D-470B-8403-E39DEC3C751A}.Debug|Any CPU.ActiveCfg = Debug|Any CPU
		{25DAF30B-974D-470B-8403-E39DEC3C751A}.Debug|Any CPU.Build.0 = Debug|Any CPU
		{25DAF30B-974D-470B-8403-E39DEC3C751A}.Release|Any CPU.ActiveCfg = Release|Any CPU
		{25DAF30B-974D-470B-8403-E39DEC3C751A}.Release|Any CPU.Build.0 = Release|Any CPU
	EndGlobalSection
	GlobalSection(SolutionProperties) = preSolution
		HideSolutionNode = FALSE
	EndGlobalSection
	GlobalSection(ExtensibilityGlobals) = postSolution
		SolutionGuid = {A7804854-9D13-4DE0-B9FE-4E9E3B335FAE}
	EndGlobalSection
EndGlobal
